// !$*UTF8*$!
{
	archiveVersion = 1;
	classes = {
	};
	objectVersion = 46;
	objects = {

/* Begin PBXBuildFile section */
		1BFC72BA1C83EBB100FA09B1 /* AppDelegate.swift in Sources */ = {isa = PBXBuildFile; fileRef = 1BFC72B91C83EBB100FA09B1 /* AppDelegate.swift */; };
		1BFC72BC1C83EBB100FA09B1 /* ViewController.swift in Sources */ = {isa = PBXBuildFile; fileRef = 1BFC72BB1C83EBB100FA09B1 /* ViewController.swift */; };
		1BFC72BF1C83EBB100FA09B1 /* Main.storyboard in Resources */ = {isa = PBXBuildFile; fileRef = 1BFC72BD1C83EBB100FA09B1 /* Main.storyboard */; };
		1BFC72C11C83EBB100FA09B1 /* Assets.xcassets in Resources */ = {isa = PBXBuildFile; fileRef = 1BFC72C01C83EBB100FA09B1 /* Assets.xcassets */; };
		1BFC72C41C83EBB100FA09B1 /* LaunchScreen.storyboard in Resources */ = {isa = PBXBuildFile; fileRef = 1BFC72C21C83EBB100FA09B1 /* LaunchScreen.storyboard */; };
		1BFC72CF1C83EBB100FA09B1 /* booomAppTests.swift in Sources */ = {isa = PBXBuildFile; fileRef = 1BFC72CE1C83EBB100FA09B1 /* booomAppTests.swift */; };
		1BFC72DA1C83EBB100FA09B1 /* booomAppUITests.swift in Sources */ = {isa = PBXBuildFile; fileRef = 1BFC72D91C83EBB100FA09B1 /* booomAppUITests.swift */; };
/* End PBXBuildFile section */

/* Begin PBXContainerItemProxy section */
		1BFC72CB1C83EBB100FA09B1 /* PBXContainerItemProxy */ = {
			isa = PBXContainerItemProxy;
			containerPortal = 1BFC72AE1C83EBB100FA09B1 /* Project object */;
			proxyType = 1;
			remoteGlobalIDString = 1BFC72B51C83EBB100FA09B1;
			remoteInfo = booomApp;
		};
		1BFC72D61C83EBB100FA09B1 /* PBXContainerItemProxy */ = {
			isa = PBXContainerItemProxy;
			containerPortal = 1BFC72AE1C83EBB100FA09B1 /* Project object */;
			proxyType = 1;
			remoteGlobalIDString = 1BFC72B51C83EBB100FA09B1;
			remoteInfo = booomApp;
		};
/* End PBXContainerItemProxy section */

/* Begin PBXFileReference section */
		1BFC72B61C83EBB100FA09B1 /* booomApp.app */ = {isa = PBXFileReference; explicitFileType = wrapper.application; includeInIndex = 0; path = booomApp.app; sourceTree = BUILT_PRODUCTS_DIR; };
		1BFC72B91C83EBB100FA09B1 /* AppDelegate.swift */ = {isa = PBXFileReference; lastKnownFileType = sourcecode.swift; path = AppDelegate.swift; sourceTree = "<group>"; };
		1BFC72BB1C83EBB100FA09B1 /* ViewController.swift */ = {isa = PBXFileReference; lastKnownFileType = sourcecode.swift; path = ViewController.swift; sourceTree = "<group>"; };
		1BFC72BE1C83EBB100FA09B1 /* Base */ = {isa = PBXFileReference; lastKnownFileType = file.storyboard; name = Base; path = Base.lproj/Main.storyboard; sourceTree = "<group>"; };
		1BFC72C01C83EBB100FA09B1 /* Assets.xcassets */ = {isa = PBXFileReference; lastKnownFileType = folder.assetcatalog; path = Assets.xcassets; sourceTree = "<group>"; };
		1BFC72C31C83EBB100FA09B1 /* Base */ = {isa = PBXFileReference; lastKnownFileType = file.storyboard; name = Base; path = Base.lproj/LaunchScreen.storyboard; sourceTree = "<group>"; };
		1BFC72C51C83EBB100FA09B1 /* Info.plist */ = {isa = PBXFileReference; lastKnownFileType = text.plist.xml; path = Info.plist; sourceTree = "<group>"; };
		1BFC72CA1C83EBB100FA09B1 /* booomAppTests.xctest */ = {isa = PBXFileReference; explicitFileType = wrapper.cfbundle; includeInIndex = 0; path = booomAppTests.xctest; sourceTree = BUILT_PRODUCTS_DIR; };
		1BFC72CE1C83EBB100FA09B1 /* booomAppTests.swift */ = {isa = PBXFileReference; lastKnownFileType = sourcecode.swift; path = booomAppTests.swift; sourceTree = "<group>"; };
		1BFC72D01C83EBB100FA09B1 /* Info.plist */ = {isa = PBXFileReference; lastKnownFileType = text.plist.xml; path = Info.plist; sourceTree = "<group>"; };
		1BFC72D51C83EBB100FA09B1 /* booomAppUITests.xctest */ = {isa = PBXFileReference; explicitFileType = wrapper.cfbundle; includeInIndex = 0; path = booomAppUITests.xctest; sourceTree = BUILT_PRODUCTS_DIR; };
		1BFC72D91C83EBB100FA09B1 /* booomAppUITests.swift */ = {isa = PBXFileReference; lastKnownFileType = sourcecode.swift; path = booomAppUITests.swift; sourceTree = "<group>"; };
		1BFC72DB1C83EBB100FA09B1 /* Info.plist */ = {isa = PBXFileReference; lastKnownFileType = text.plist.xml; path = Info.plist; sourceTree = "<group>"; };
/* End PBXFileReference section */

/* Begin PBXFrameworksBuildPhase section */
		1BFC72B31C83EBB100FA09B1 /* Frameworks */ = {
			isa = PBXFrameworksBuildPhase;
			buildActionMask = 2147483647;
			files = (
			);
			runOnlyForDeploymentPostprocessing = 0;
		};
		1BFC72C71C83EBB100FA09B1 /* Frameworks */ = {
			isa = PBXFrameworksBuildPhase;
			buildActionMask = 2147483647;
			files = (
			);
			runOnlyForDeploymentPostprocessing = 0;
		};
		1BFC72D21C83EBB100FA09B1 /* Frameworks */ = {
			isa = PBXFrameworksBuildPhase;
			buildActionMask = 2147483647;
			files = (
			);
			runOnlyForDeploymentPostprocessing = 0;
		};
/* End PBXFrameworksBuildPhase section */

/* Begin PBXGroup section */
		1BFC72AD1C83EBB100FA09B1 = {
			isa = PBXGroup;
			children = (
				1BFC72B81C83EBB100FA09B1 /* booomApp */,
				1BFC72CD1C83EBB100FA09B1 /* booomAppTests */,
				1BFC72D81C83EBB100FA09B1 /* booomAppUITests */,
				1BFC72B71C83EBB100FA09B1 /* Products */,
			);
			sourceTree = "<group>";
		};
		1BFC72B71C83EBB100FA09B1 /* Products */ = {
			isa = PBXGroup;
			children = (
				1BFC72B61C83EBB100FA09B1 /* booomApp.app */,
				1BFC72CA1C83EBB100FA09B1 /* booomAppTests.xctest */,
				1BFC72D51C83EBB100FA09B1 /* booomAppUITests.xctest */,
			);
			name = Products;
			sourceTree = "<group>";
		};
		1BFC72B81C83EBB100FA09B1 /* booomApp */ = {
			isa = PBXGroup;
			children = (
				1BFC72B91C83EBB100FA09B1 /* AppDelegate.swift */,
				1BFC72BB1C83EBB100FA09B1 /* ViewController.swift */,
				1BFC72BD1C83EBB100FA09B1 /* Main.storyboard */,
				1BFC72C01C83EBB100FA09B1 /* Assets.xcassets */,
				1BFC72C21C83EBB100FA09B1 /* LaunchScreen.storyboard */,
				1BFC72C51C83EBB100FA09B1 /* Info.plist */,
			);
			path = booomApp;
			sourceTree = "<group>";
		};
		1BFC72CD1C83EBB100FA09B1 /* booomAppTests */ = {
			isa = PBXGroup;
			children = (
				1BFC72CE1C83EBB100FA09B1 /* booomAppTests.swift */,
				1BFC72D01C83EBB100FA09B1 /* Info.plist */,
			);
			path = booomAppTests;
			sourceTree = "<group>";
		};
		1BFC72D81C83EBB100FA09B1 /* booomAppUITests */ = {
			isa = PBXGroup;
			children = (
				1BFC72D91C83EBB100FA09B1 /* booomAppUITests.swift */,
				1BFC72DB1C83EBB100FA09B1 /* Info.plist */,
			);
			path = booomAppUITests;
			sourceTree = "<group>";
		};
/* End PBXGroup section */

/* Begin PBXNativeTarget section */
		1BFC72B51C83EBB100FA09B1 /* booomApp */ = {
			isa = PBXNativeTarget;
			buildConfigurationList = 1BFC72DE1C83EBB100FA09B1 /* Build configuration list for PBXNativeTarget "booomApp" */;
			buildPhases = (
				1BFC72B21C83EBB100FA09B1 /* Sources */,
				1BFC72B31C83EBB100FA09B1 /* Frameworks */,
				1BFC72B41C83EBB100FA09B1 /* Resources */,
			);
			buildRules = (
			);
			dependencies = (
			);
			name = booomApp;
			productName = booomApp;
			productReference = 1BFC72B61C83EBB100FA09B1 /* booomApp.app */;
			productType = "com.apple.product-type.application";
		};
		1BFC72C91C83EBB100FA09B1 /* booomAppTests */ = {
			isa = PBXNativeTarget;
			buildConfigurationList = 1BFC72E11C83EBB100FA09B1 /* Build configuration list for PBXNativeTarget "booomAppTests" */;
			buildPhases = (
				1BFC72C61C83EBB100FA09B1 /* Sources */,
				1BFC72C71C83EBB100FA09B1 /* Frameworks */,
				1BFC72C81C83EBB100FA09B1 /* Resources */,
			);
			buildRules = (
			);
			dependencies = (
				1BFC72CC1C83EBB100FA09B1 /* PBXTargetDependency */,
			);
			name = booomAppTests;
			productName = booomAppTests;
			productReference = 1BFC72CA1C83EBB100FA09B1 /* booomAppTests.xctest */;
			productType = "com.apple.product-type.bundle.unit-test";
		};
		1BFC72D41C83EBB100FA09B1 /* booomAppUITests */ = {
			isa = PBXNativeTarget;
			buildConfigurationList = 1BFC72E41C83EBB100FA09B1 /* Build configuration list for PBXNativeTarget "booomAppUITests" */;
			buildPhases = (
				1BFC72D11C83EBB100FA09B1 /* Sources */,
				1BFC72D21C83EBB100FA09B1 /* Frameworks */,
				1BFC72D31C83EBB100FA09B1 /* Resources */,
			);
			buildRules = (
			);
			dependencies = (
				1BFC72D71C83EBB100FA09B1 /* PBXTargetDependency */,
			);
			name = booomAppUITests;
			productName = booomAppUITests;
			productReference = 1BFC72D51C83EBB100FA09B1 /* booomAppUITests.xctest */;
			productType = "com.apple.product-type.bundle.ui-testing";
		};
/* End PBXNativeTarget section */

/* Begin PBXProject section */
		1BFC72AE1C83EBB100FA09B1 /* Project object */ = {
			isa = PBXProject;
			attributes = {
				LastSwiftUpdateCheck = 0720;
				LastUpgradeCheck = 0720;
				ORGANIZATIONNAME = "Zu Yao";
				TargetAttributes = {
					1BFC72B51C83EBB100FA09B1 = {
						CreatedOnToolsVersion = 7.2.1;
					};
					1BFC72C91C83EBB100FA09B1 = {
						CreatedOnToolsVersion = 7.2.1;
						TestTargetID = 1BFC72B51C83EBB100FA09B1;
					};
					1BFC72D41C83EBB100FA09B1 = {
						CreatedOnToolsVersion = 7.2.1;
						TestTargetID = 1BFC72B51C83EBB100FA09B1;
					};
				};
			};
			buildConfigurationList = 1BFC72B11C83EBB100FA09B1 /* Build configuration list for PBXProject "booomApp" */;
			compatibilityVersion = "Xcode 3.2";
			developmentRegion = English;
			hasScannedForEncodings = 0;
			knownRegions = (
				en,
				Base,
			);
			mainGroup = 1BFC72AD1C83EBB100FA09B1;
			productRefGroup = 1BFC72B71C83EBB100FA09B1 /* Products */;
			projectDirPath = "";
			projectRoot = "";
			targets = (
				1BFC72B51C83EBB100FA09B1 /* booomApp */,
				1BFC72C91C83EBB100FA09B1 /* booomAppTests */,
				1BFC72D41C83EBB100FA09B1 /* booomAppUITests */,
			);
		};
/* End PBXProject section */

/* Begin PBXResourcesBuildPhase section */
		1BFC72B41C83EBB100FA09B1 /* Resources */ = {
			isa = PBXResourcesBuildPhase;
			buildActionMask = 2147483647;
			files = (
				1BFC72C41C83EBB100FA09B1 /* LaunchScreen.storyboard in Resources */,
				1BFC72C11C83EBB100FA09B1 /* Assets.xcassets in Resources */,
				1BFC72BF1C83EBB100FA09B1 /* Main.storyboard in Resources */,
			);
			runOnlyForDeploymentPostprocessing = 0;
		};
		1BFC72C81C83EBB100FA09B1 /* Resources */ = {
			isa = PBXResourcesBuildPhase;
			buildActionMask = 2147483647;
			files = (
			);
			runOnlyForDeploymentPostprocessing = 0;
		};
		1BFC72D31C83EBB100FA09B1 /* Resources */ = {
			isa = PBXResourcesBuildPhase;
			buildActionMask = 2147483647;
			files = (
			);
			runOnlyForDeploymentPostprocessing = 0;
		};
/* End PBXResourcesBuildPhase section */

/* Begin PBXSourcesBuildPhase section */
		1BFC72B21C83EBB100FA09B1 /* Sources */ = {
			isa = PBXSourcesBuildPhase;
			buildActionMask = 2147483647;
			files = (
				1BFC72BC1C83EBB100FA09B1 /* ViewController.swift in Sources */,
				1BFC72BA1C83EBB100FA09B1 /* AppDelegate.swift in Sources */,
			);
			runOnlyForDeploymentPostprocessing = 0;
		};
		1BFC72C61C83EBB100FA09B1 /* Sources */ = {
			isa = PBXSourcesBuildPhase;
			buildActionMask = 2147483647;
			files = (
				1BFC72CF1C83EBB100FA09B1 /* booomAppTests.swift in Sources */,
			);
			runOnlyForDeploymentPostprocessing = 0;
		};
		1BFC72D11C83EBB100FA09B1 /* Sources */ = {
			isa = PBXSourcesBuildPhase;
			buildActionMask = 2147483647;
			files = (
				1BFC72DA1C83EBB100FA09B1 /* booomAppUITests.swift in Sources */,
			);
			runOnlyForDeploymentPostprocessing = 0;
		};
/* End PBXSourcesBuildPhase section */

/* Begin PBXTargetDependency section */
		1BFC72CC1C83EBB100FA09B1 /* PBXTargetDependency */ = {
			isa = PBXTargetDependency;
			target = 1BFC72B51C83EBB100FA09B1 /* booomApp */;
			targetProxy = 1BFC72CB1C83EBB100FA09B1 /* PBXContainerItemProxy */;
		};
		1BFC72D71C83EBB100FA09B1 /* PBXTargetDependency */ = {
			isa = PBXTargetDependency;
			target = 1BFC72B51C83EBB100FA09B1 /* booomApp */;
			targetProxy = 1BFC72D61C83EBB100FA09B1 /* PBXContainerItemProxy */;
		};
/* End PBXTargetDependency section */

/* Begin PBXVariantGroup section */
		1BFC72BD1C83EBB100FA09B1 /* Main.storyboard */ = {
			isa = PBXVariantGroup;
			children = (
				1BFC72BE1C83EBB100FA09B1 /* Base */,
			);
			name = Main.storyboard;
			sourceTree = "<group>";
		};
		1BFC72C21C83EBB100FA09B1 /* LaunchScreen.storyboard */ = {
			isa = PBXVariantGroup;
			children = (
				1BFC72C31C83EBB100FA09B1 /* Base */,
			);
			name = LaunchScreen.storyboard;
			sourceTree = "<group>";
		};
/* End PBXVariantGroup section */

/* Begin XCBuildConfiguration section */
		1BFC72DC1C83EBB100FA09B1 /* Debug */ = {
			isa = XCBuildConfiguration;
			buildSettings = {
				ALWAYS_SEARCH_USER_PATHS = NO;
				CLANG_CXX_LANGUAGE_STANDARD = "gnu++0x";
				CLANG_CXX_LIBRARY = "libc++";
				CLANG_ENABLE_MODULES = YES;
				CLANG_ENABLE_OBJC_ARC = YES;
				CLANG_WARN_BOOL_CONVERSION = YES;
				CLANG_WARN_CONSTANT_CONVERSION = YES;
				CLANG_WARN_DIRECT_OBJC_ISA_USAGE = YES_ERROR;
				CLANG_WARN_EMPTY_BODY = YES;
				CLANG_WARN_ENUM_CONVERSION = YES;
				CLANG_WARN_INT_CONVERSION = YES;
				CLANG_WARN_OBJC_ROOT_CLASS = YES_ERROR;
				CLANG_WARN_UNREACHABLE_CODE = YES;
				CLANG_WARN__DUPLICATE_METHOD_MATCH = YES;
				"CODE_SIGN_IDENTITY[sdk=iphoneos*]" = "iPhone Developer";
				COPY_PHASE_STRIP = NO;
				DEBUG_INFORMATION_FORMAT = dwarf;
				ENABLE_STRICT_OBJC_MSGSEND = YES;
				ENABLE_TESTABILITY = YES;
				GCC_C_LANGUAGE_STANDARD = gnu99;
				GCC_DYNAMIC_NO_PIC = NO;
				GCC_NO_COMMON_BLOCKS = YES;
				GCC_OPTIMIZATION_LEVEL = 0;
				GCC_PREPROCESSOR_DEFINITIONS = (
					"DEBUG=1",
					"$(inherited)",
				);
				GCC_WARN_64_TO_32_BIT_CONVERSION = YES;
				GCC_WARN_ABOUT_RETURN_TYPE = YES_ERROR;
				GCC_WARN_UNDECLARED_SELECTOR = YES;
				GCC_WARN_UNINITIALIZED_AUTOS = YES_AGGRESSIVE;
				GCC_WARN_UNUSED_FUNCTION = YES;
				GCC_WARN_UNUSED_VARIABLE = YES;
				IPHONEOS_DEPLOYMENT_TARGET = 9.2;
				MTL_ENABLE_DEBUG_INFO = YES;
				ONLY_ACTIVE_ARCH = YES;
				SDKROOT = iphoneos;
				SWIFT_OPTIMIZATION_LEVEL = "-Onone";
			};
			name = Debug;
		};
		1BFC72DD1C83EBB100FA09B1 /* Release */ = {
			isa = XCBuildConfiguration;
			buildSettings = {
				ALWAYS_SEARCH_USER_PATHS = NO;
				CLANG_CXX_LANGUAGE_STANDARD = "gnu++0x";
				CLANG_CXX_LIBRARY = "libc++";
				CLANG_ENABLE_MODULES = YES;
				CLANG_ENABLE_OBJC_ARC = YES;
				CLANG_WARN_BOOL_CONVERSION = YES;
				CLANG_WARN_CONSTANT_CONVERSION = YES;
				CLANG_WARN_DIRECT_OBJC_ISA_USAGE = YES_ERROR;
				CLANG_WARN_EMPTY_BODY = YES;
				CLANG_WARN_ENUM_CONVERSION = YES;
				CLANG_WARN_INT_CONVERSION = YES;
				CLANG_WARN_OBJC_ROOT_CLASS = YES_ERROR;
				CLANG_WARN_UNREACHABLE_CODE = YES;
				CLANG_WARN__DUPLICATE_METHOD_MATCH = YES;
				"CODE_SIGN_IDENTITY[sdk=iphoneos*]" = "iPhone Developer";
				COPY_PHASE_STRIP = NO;
				DEBUG_INFORMATION_FORMAT = "dwarf-with-dsym";
				ENABLE_NS_ASSERTIONS = NO;
				ENABLE_STRICT_OBJC_MSGSEND = YES;
				GCC_C_LANGUAGE_STANDARD = gnu99;
				GCC_NO_COMMON_BLOCKS = YES;
				GCC_WARN_64_TO_32_BIT_CONVERSION = YES;
				GCC_WARN_ABOUT_RETURN_TYPE = YES_ERROR;
				GCC_WARN_UNDECLARED_SELECTOR = YES;
				GCC_WARN_UNINITIALIZED_AUTOS = YES_AGGRESSIVE;
				GCC_WARN_UNUSED_FUNCTION = YES;
				GCC_WARN_UNUSED_VARIABLE = YES;
				IPHONEOS_DEPLOYMENT_TARGET = 9.2;
				MTL_ENABLE_DEBUG_INFO = NO;
				SDKROOT = iphoneos;
				VALIDATE_PRODUCT = YES;
			};
			name = Release;
		};
		1BFC72DF1C83EBB100FA09B1 /* Debug */ = {
			isa = XCBuildConfiguration;
			buildSettings = {
				ASSETCATALOG_COMPILER_APPICON_NAME = AppIcon;
				INFOPLIST_FILE = booomApp/Info.plist;
				LD_RUNPATH_SEARCH_PATHS = "$(inherited) @executable_path/Frameworks";
				PRODUCT_BUNDLE_IDENTIFIER = com.dev.booomApp;
				PRODUCT_NAME = "$(TARGET_NAME)";
			};
			name = Debug;
		};
		1BFC72E01C83EBB100FA09B1 /* Release */ = {
			isa = XCBuildConfiguration;
			buildSettings = {
				ASSETCATALOG_COMPILER_APPICON_NAME = AppIcon;
				INFOPLIST_FILE = booomApp/Info.plist;
				LD_RUNPATH_SEARCH_PATHS = "$(inherited) @executable_path/Frameworks";
				PRODUCT_BUNDLE_IDENTIFIER = com.dev.booomApp;
				PRODUCT_NAME = "$(TARGET_NAME)";
			};
			name = Release;
		};
		1BFC72E21C83EBB100FA09B1 /* Debug */ = {
			isa = XCBuildConfiguration;
			buildSettings = {
				BUNDLE_LOADER = "$(TEST_HOST)";
				INFOPLIST_FILE = booomAppTests/Info.plist;
				LD_RUNPATH_SEARCH_PATHS = "$(inherited) @executable_path/Frameworks @loader_path/Frameworks";
				PRODUCT_BUNDLE_IDENTIFIER = com.dev.booomAppTests;
				PRODUCT_NAME = "$(TARGET_NAME)";
				TEST_HOST = "$(BUILT_PRODUCTS_DIR)/booomApp.app/booomApp";
			};
			name = Debug;
		};
		1BFC72E31C83EBB100FA09B1 /* Release */ = {
			isa = XCBuildConfiguration;
			buildSettings = {
				BUNDLE_LOADER = "$(TEST_HOST)";
				INFOPLIST_FILE = booomAppTests/Info.plist;
				LD_RUNPATH_SEARCH_PATHS = "$(inherited) @executable_path/Frameworks @loader_path/Frameworks";
				PRODUCT_BUNDLE_IDENTIFIER = com.dev.booomAppTests;
				PRODUCT_NAME = "$(TARGET_NAME)";
				TEST_HOST = "$(BUILT_PRODUCTS_DIR)/booomApp.app/booomApp";
			};
			name = Release;
		};
		1BFC72E51C83EBB100FA09B1 /* Debug */ = {
			isa = XCBuildConfiguration;
			buildSettings = {
				INFOPLIST_FILE = booomAppUITests/Info.plist;
				LD_RUNPATH_SEARCH_PATHS = "$(inherited) @executable_path/Frameworks @loader_path/Frameworks";
				PRODUCT_BUNDLE_IDENTIFIER = com.dev.booomAppUITests;
				PRODUCT_NAME = "$(TARGET_NAME)";
				TEST_TARGET_NAME = booomApp;
				USES_XCTRUNNER = YES;
			};
			name = Debug;
		};
		1BFC72E61C83EBB100FA09B1 /* Release */ = {
			isa = XCBuildConfiguration;
			buildSettings = {
				INFOPLIST_FILE = booomAppUITests/Info.plist;
				LD_RUNPATH_SEARCH_PATHS = "$(inherited) @executable_path/Frameworks @loader_path/Frameworks";
				PRODUCT_BUNDLE_IDENTIFIER = com.dev.booomAppUITests;
				PRODUCT_NAME = "$(TARGET_NAME)";
				TEST_TARGET_NAME = booomApp;
				USES_XCTRUNNER = YES;
			};
			name = Release;
		};
/* End XCBuildConfiguration section */

/* Begin XCConfigurationList section */
		1BFC72B11C83EBB100FA09B1 /* Build configuration list for PBXProject "booomApp" */ = {
			isa = XCConfigurationList;
			buildConfigurations = (
				1BFC72DC1C83EBB100FA09B1 /* Debug */,
				1BFC72DD1C83EBB100FA09B1 /* Release */,
			);
			defaultConfigurationIsVisible = 0;
			defaultConfigurationName = Release;
		};
		1BFC72DE1C83EBB100FA09B1 /* Build configuration list for PBXNativeTarget "booomApp" */ = {
			isa = XCConfigurationList;
			buildConfigurations = (
				1BFC72DF1C83EBB100FA09B1 /* Debug */,
				1BFC72E01C83EBB100FA09B1 /* Release */,
			);
			defaultConfigurationIsVisible = 0;
		};
		1BFC72E11C83EBB100FA09B1 /* Build configuration list for PBXNativeTarget "booomAppTests" */ = {
			isa = XCConfigurationList;
			buildConfigurations = (
				1BFC72E21C83EBB100FA09B1 /* Debug */,
				1BFC72E31C83EBB100FA09B1 /* Release */,
			);
			defaultConfigurationIsVisible = 0;
		};
		1BFC72E41C83EBB100FA09B1 /* Build configuration list for PBXNativeTarget "booomAppUITests" */ = {
			isa = XCConfigurationList;
			buildConfigurations = (
				1BFC72E51C83EBB100FA09B1 /* Debug */,
				1BFC72E61C83EBB100FA09B1 /* Release */,
			);
			defaultConfigurationIsVisible = 0;
		};
/* End XCConfigurationList section */
	};
	rootObject = 1BFC72AE1C83EBB100FA09B1 /* Project object */;
}
